
Microsoft Visual Studio Solution File, Format Version 12.00
# Visual Studio Version 17
VisualStudioVersion = 17.0.32126.317
MinimumVisualStudioVersion = 10.0.40219.1
Project("{FAE04EC0-301F-11D3-BF4B-00C04F79EFBC}") = "MyAntlr", "MyAntlr.csproj", "{DAB7FCA5-32BB-4CA9-BE71-B477FC1A54AE}"
EndProject
Global
	GlobalSection(SolutionConfigurationPlatforms) = preSolution
		Debug|Any CPU = Debug|Any CPU
		Release|Any CPU = Release|Any CPU
	EndGlobalSection
	GlobalSection(ProjectConfigurationPlatforms) = postSolution
		{DAB7FCA5-32BB-4CA9-BE71-B477FC1A54AE}.Debug|Any CPU.ActiveCfg = Debug|Any CPU
		{DAB7FCA5-32BB-4CA9-BE71-B477FC1A54AE}.Debug|Any CPU.Build.0 = Debug|Any CPU
		{DAB7FCA5-32BB-4CA9-BE71-B477FC1A54AE}.Release|Any CPU.ActiveCfg = Release|Any CPU
		{DAB7FCA5-32BB-4CA9-BE71-B477FC1A54AE}.Release|Any CPU.Build.0 = Release|Any CPU
	EndGlobalSection
	GlobalSection(SolutionProperties) = preSolution
		HideSolutionNode = FALSE
	EndGlobalSection
	GlobalSection(ExtensibilityGlobals) = postSolution
		SolutionGuid = {5366910C-1550-48EC-B335-D7EAC3E48778}
	EndGlobalSection
EndGlobal
